
Microsoft Visual Studio Solution File, Format Version 12.00
# Visual Studio Version 17
VisualStudioVersion = 17.8.34511.84
MinimumVisualStudioVersion = 10.0.40219.1
Project("{FAE04EC0-301F-11D3-BF4B-00C04F79EFBC}") = "27.05.2024", "27.05.2024\27.05.2024.csproj", "{8FDFDBBF-17D6-4D25-8D5B-E71B7CA41DB9}"
EndProject
Global
	GlobalSection(SolutionConfigurationPlatforms) = preSolution
		Debug|Any CPU = Debug|Any CPU
		Release|Any CPU = Release|Any CPU
	EndGlobalSection
	GlobalSection(ProjectConfigurationPlatforms) = postSolution
		{8FDFDBBF-17D6-4D25-8D5B-E71B7CA41DB9}.Debug|Any CPU.ActiveCfg = Debug|Any CPU
		{8FDFDBBF-17D6-4D25-8D5B-E71B7CA41DB9}.Debug|Any CPU.Build.0 = Debug|Any CPU
		{8FDFDBBF-17D6-4D25-8D5B-E71B7CA41DB9}.Release|Any CPU.ActiveCfg = Release|Any CPU
		{8FDFDBBF-17D6-4D25-8D5B-E71B7CA41DB9}.Release|Any CPU.Build.0 = Release|Any CPU
	EndGlobalSection
	GlobalSection(SolutionProperties) = preSolution
		HideSolutionNode = FALSE
	EndGlobalSection
	GlobalSection(ExtensibilityGlobals) = postSolution
		SolutionGuid = {3DFC3DC1-1432-489A-9F57-2A051A7E59F5}
	EndGlobalSection
EndGlobal
